lockfileVersion: '9.0'

settings:
  autoInstallPeers: true
  excludeLinksFromLockfile: false

importers:

  .:
    dependencies:
      list-paths:
        specifier: 1.0.2
        version: 1.0.2
    devDependencies:
      '@emiyaaaaa/tsconfig':
        specifier: ^1.0.2
        version: 1.0.2
      '@types/node':
        specifier: ^20.10.7
        version: 20.12.7
      typescript:
        specifier: latest
        version: 5.6.2

packages:

  '@emiyaaaaa/tsconfig@1.0.2':
    resolution: {integrity: sha512-1QNFJM/z1qifhSCiDR+1wZdCQ2HVpaKJzMaGc4KNC2W8Iy6KdSZJyUQnlFeO0P+zhsOVH6Fiaj3trN86whOcwA==}

  '@types/node@20.12.7':
    resolution: {integrity: sha512-wq0cICSkRLVaf3UGLMGItu/PtdY7oaXaI/RVU+xliKVOtRna3PRY57ZDfztpDL0n11vfymMUnXv8QwYCO7L1wg==}

  list-paths@1.0.2:
    resolution: {integrity: sha512-WHoT4mLs3QT+V1g166Py74atZK+Ae6K4BjOocNccHCZUaZLWfr+6luGdAIWMTCi4XIIJMHzYh9CtTa8tBF4Vbw==}

  typescript@5.6.2:
    resolution: {integrity: sha512-NW8ByodCSNCwZeghjN3o+JX5OFH0Ojg6sadjEKY4huZ52TqbJTJnDo5+Tw98lSy63NZvi4n+ez5m2u5d4PkZyw==}
    engines: {node: '>=14.17'}
    hasBin: true

  undici-types@5.26.5:
    resolution: {integrity: sha512-JlCMO+ehdEIKqlFxk6IfVoAUVmgz7cU7zD/h9XZ0qzeosSHmUJVOzSQvvYSYWXkFXC+IfLKSIffhv0sVZup6pA==}

snapshots:

  '@emiyaaaaa/tsconfig@1.0.2': {}

  '@types/node@20.12.7':
    dependencies:
      undici-types: 5.26.5

  list-paths@1.0.2: {}

  typescript@5.6.2: {}

  undici-types@5.26.5: {}
